
Microsoft Visual Studio Solution File, Format Version 12.00
# Visual Studio Version 16
VisualStudioVersion = 16.0.31005.135
MinimumVisualStudioVersion = 10.0.40219.1
Project("{9A19103F-16F7-4668-BE54-9A1E7A4F7556}") = "M01_HalloWPF", "HalloWPF\M01_HalloWPF.csproj", "{9B27C25C-1B78-49E6-88FD-0BCDE1B3162F}"
EndProject
Project("{9A19103F-16F7-4668-BE54-9A1E7A4F7556}") = "M02_Controls", "Controls\M02_Controls.csproj", "{70F417BE-9E97-4AE5-B10D-4694FD3400BB}"
EndProject
Project("{9A19103F-16F7-4668-BE54-9A1E7A4F7556}") = "Personendatenbank", "Personendatenbank\Personendatenbank.csproj", "{1DC457EA-38D1-4D42-9DDE-4DE21FC638F9}"
EndProject
Project("{9A19103F-16F7-4668-BE54-9A1E7A4F7556}") = "M03_Container", "Container\M03_Container.csproj", "{FACE4853-B2B6-4690-B04E-1BACC7623B39}"
EndProject
Project("{9A19103F-16F7-4668-BE54-9A1E7A4F7556}") = "M04_EventHandling", "EventHandling\M04_EventHandling.csproj", "{C2DA4B62-8F8A-4BC3-BFFC-AAF0E02DC54C}"
EndProject
Project("{9A19103F-16F7-4668-BE54-9A1E7A4F7556}") = "M05_PropertyBinding", "PropertyBinding\M05_PropertyBinding.csproj", "{8C40640B-521E-4E15-A68D-40AA87BEC8EF}"
EndProject
Project("{9A19103F-16F7-4668-BE54-9A1E7A4F7556}") = "ColorPicker", "ColorPicker\ColorPicker.csproj", "{6676DADD-F188-4C02-8472-980406E9725B}"
EndProject
Project("{9A19103F-16F7-4668-BE54-9A1E7A4F7556}") = "M06_DataBinding", "DataBinding\M06_DataBinding.csproj", "{A0CF8354-DB83-4B38-BA6D-AF16AEB396B6}"
EndProject
Project("{9A19103F-16F7-4668-BE54-9A1E7A4F7556}") = "M07_Resources_Styles", "ResourcesStyles\M07_Resources_Styles.csproj", "{10DC362D-A733-477C-9189-10B3E2CAF9C5}"
EndProject
Project("{FAE04EC0-301F-11D3-BF4B-00C04F79EFBC}") = "M08_Templates", "Templates\M08_Templates.csproj", "{A7F550B8-4522-42D5-B6D8-5B72DE5DD40A}"
EndProject
Global
	GlobalSection(SolutionConfigurationPlatforms) = preSolution
		Debug|Any CPU = Debug|Any CPU
		Release|Any CPU = Release|Any CPU
	EndGlobalSection
	GlobalSection(ProjectConfigurationPlatforms) = postSolution
		{9B27C25C-1B78-49E6-88FD-0BCDE1B3162F}.Debug|Any CPU.ActiveCfg = Debug|Any CPU
		{9B27C25C-1B78-49E6-88FD-0BCDE1B3162F}.Debug|Any CPU.Build.0 = Debug|Any CPU
		{9B27C25C-1B78-49E6-88FD-0BCDE1B3162F}.Release|Any CPU.ActiveCfg = Release|Any CPU
		{9B27C25C-1B78-49E6-88FD-0BCDE1B3162F}.Release|Any CPU.Build.0 = Release|Any CPU
		{70F417BE-9E97-4AE5-B10D-4694FD3400BB}.Debug|Any CPU.ActiveCfg = Debug|Any CPU
		{70F417BE-9E97-4AE5-B10D-4694FD3400BB}.Debug|Any CPU.Build.0 = Debug|Any CPU
		{70F417BE-9E97-4AE5-B10D-4694FD3400BB}.Release|Any CPU.ActiveCfg = Release|Any CPU
		{70F417BE-9E97-4AE5-B10D-4694FD3400BB}.Release|Any CPU.Build.0 = Release|Any CPU
		{1DC457EA-38D1-4D42-9DDE-4DE21FC638F9}.Debug|Any CPU.ActiveCfg = Debug|Any CPU
		{1DC457EA-38D1-4D42-9DDE-4DE21FC638F9}.Debug|Any CPU.Build.0 = Debug|Any CPU
		{1DC457EA-38D1-4D42-9DDE-4DE21FC638F9}.Release|Any CPU.ActiveCfg = Release|Any CPU
		{1DC457EA-38D1-4D42-9DDE-4DE21FC638F9}.Release|Any CPU.Build.0 = Release|Any CPU
		{FACE4853-B2B6-4690-B04E-1BACC7623B39}.Debug|Any CPU.ActiveCfg = Debug|Any CPU
		{FACE4853-B2B6-4690-B04E-1BACC7623B39}.Debug|Any CPU.Build.0 = Debug|Any CPU
		{FACE4853-B2B6-4690-B04E-1BACC7623B39}.Release|Any CPU.ActiveCfg = Release|Any CPU
		{FACE4853-B2B6-4690-B04E-1BACC7623B39}.Release|Any CPU.Build.0 = Release|Any CPU
		{C2DA4B62-8F8A-4BC3-BFFC-AAF0E02DC54C}.Debug|Any CPU.ActiveCfg = Debug|Any CPU
		{C2DA4B62-8F8A-4BC3-BFFC-AAF0E02DC54C}.Debug|Any CPU.Build.0 = Debug|Any CPU
		{C2DA4B62-8F8A-4BC3-BFFC-AAF0E02DC54C}.Release|Any CPU.ActiveCfg = Release|Any CPU
		{C2DA4B62-8F8A-4BC3-BFFC-AAF0E02DC54C}.Release|Any CPU.Build.0 = Release|Any CPU
		{8C40640B-521E-4E15-A68D-40AA87BEC8EF}.Debug|Any CPU.ActiveCfg = Debug|Any CPU
		{8C40640B-521E-4E15-A68D-40AA87BEC8EF}.Debug|Any CPU.Build.0 = Debug|Any CPU
		{8C40640B-521E-4E15-A68D-40AA87BEC8EF}.Release|Any CPU.ActiveCfg = Release|Any CPU
		{8C40640B-521E-4E15-A68D-40AA87BEC8EF}.Release|Any CPU.Build.0 = Release|Any CPU
		{6676DADD-F188-4C02-8472-980406E9725B}.Debug|Any CPU.ActiveCfg = Debug|Any CPU
		{6676DADD-F188-4C02-8472-980406E9725B}.Debug|Any CPU.Build.0 = Debug|Any CPU
		{6676DADD-F188-4C02-8472-980406E9725B}.Release|Any CPU.ActiveCfg = Release|Any CPU
		{6676DADD-F188-4C02-8472-980406E9725B}.Release|Any CPU.Build.0 = Release|Any CPU
		{A0CF8354-DB83-4B38-BA6D-AF16AEB396B6}.Debug|Any CPU.ActiveCfg = Debug|Any CPU
		{A0CF8354-DB83-4B38-BA6D-AF16AEB396B6}.Debug|Any CPU.Build.0 = Debug|Any CPU
		{A0CF8354-DB83-4B38-BA6D-AF16AEB396B6}.Release|Any CPU.ActiveCfg = Release|Any CPU
		{A0CF8354-DB83-4B38-BA6D-AF16AEB396B6}.Release|Any CPU.Build.0 = Release|Any CPU
		{10DC362D-A733-477C-9189-10B3E2CAF9C5}.Debug|Any CPU.ActiveCfg = Debug|Any CPU
		{10DC362D-A733-477C-9189-10B3E2CAF9C5}.Debug|Any CPU.Build.0 = Debug|Any CPU
		{10DC362D-A733-477C-9189-10B3E2CAF9C5}.Release|Any CPU.ActiveCfg = Release|Any CPU
		{10DC362D-A733-477C-9189-10B3E2CAF9C5}.Release|Any CPU.Build.0 = Release|Any CPU
		{A7F550B8-4522-42D5-B6D8-5B72DE5DD40A}.Debug|Any CPU.ActiveCfg = Debug|Any CPU
		{A7F550B8-4522-42D5-B6D8-5B72DE5DD40A}.Debug|Any CPU.Build.0 = Debug|Any CPU
		{A7F550B8-4522-42D5-B6D8-5B72DE5DD40A}.Release|Any CPU.ActiveCfg = Release|Any CPU
		{A7F550B8-4522-42D5-B6D8-5B72DE5DD40A}.Release|Any CPU.Build.0 = Release|Any CPU
	EndGlobalSection
	GlobalSection(SolutionProperties) = preSolution
		HideSolutionNode = FALSE
	EndGlobalSection
	GlobalSection(ExtensibilityGlobals) = postSolution
		SolutionGuid = {74729D11-15C8-4831-AF9F-CC9CB765A1ED}
	EndGlobalSection
EndGlobal
